
Microsoft Visual Studio Solution File, Format Version 12.00
# Visual Studio Version 17
VisualStudioVersion = 17.3.32825.248
MinimumVisualStudioVersion = 10.0.40219.1
Project("{9A19103F-16F7-4668-BE54-9A1E7A4F7556}") = "Retail.Products", "Retail.Products\Retail.Products.csproj", "{6BD69F5E-467D-4A67-8112-A6AD22E798D9}"
EndProject
Project("{9A19103F-16F7-4668-BE54-9A1E7A4F7556}") = "Retail.Customers", "Retail.Customers\Retail.Customers.csproj", "{A4DD1512-F91E-4A2B-B45F-FF55004B7171}"
EndProject
Project("{9A19103F-16F7-4668-BE54-9A1E7A4F7556}") = "Retail.Orders.Write", "Retail.Orders.Write\Retail.Orders.Write.csproj", "{5A478A1C-1500-42CE-94E4-C14CE4B939F0}"
	ProjectSection(ProjectDependencies) = postProject
		{6A428DBC-47A5-4277-8F22-2E065594DF3A} = {6A428DBC-47A5-4277-8F22-2E065594DF3A}
		{A412C780-67E8-4458-83E9-A6C895FC37B9} = {A412C780-67E8-4458-83E9-A6C895FC37B9}
	EndProjectSection
EndProject
Project("{2150E333-8FDC-42A3-9474-1A3956D46DE8}") = "Solution Items", "Solution Items", "{702D7067-A424-45D8-9C90-2F8255DFE525}"
	ProjectSection(SolutionItems) = preProject
		.editorconfig = .editorconfig
	EndProjectSection
EndProject
Project("{2150E333-8FDC-42A3-9474-1A3956D46DE8}") = "Database", "Database", "{4DE56F9D-DC83-4004-8542-DAAD86D25BA7}"
	ProjectSection(SolutionItems) = preProject
		Database\Customer.bak = Database\Customer.bak
		Database\Order.bak = Database\Order.bak
		Database\Product..bak = Database\Product..bak
	EndProjectSection
EndProject
Project("{9A19103F-16F7-4668-BE54-9A1E7A4F7556}") = "MessagingInfrastructure", "MessagingInfrastructure\MessagingInfrastructure.csproj", "{6A428DBC-47A5-4277-8F22-2E065594DF3A}"
	ProjectSection(ProjectDependencies) = postProject
		{A412C780-67E8-4458-83E9-A6C895FC37B9} = {A412C780-67E8-4458-83E9-A6C895FC37B9}
	EndProjectSection
EndProject
Project("{9A19103F-16F7-4668-BE54-9A1E7A4F7556}") = "CommonLibrary", "CommonLibrary\CommonLibrary.csproj", "{A412C780-67E8-4458-83E9-A6C895FC37B9}"
EndProject
Project("{9A19103F-16F7-4668-BE54-9A1E7A4F7556}") = "Retail.BFF", "Retail.BFF\Retail.BFF.csproj", "{14CCFFF9-EA0F-424E-82B1-2471407BFB07}"
EndProject
Project("{FAE04EC0-301F-11D3-BF4B-00C04F79EFBC}") = "Retail.Orders.Read", "Retail.Orders.Read\Retail.Orders.Read.csproj", "{694851B7-868F-4C20-B601-CA100102E8A3}"
EndProject
Project("{2150E333-8FDC-42A3-9474-1A3956D46DE8}") = "Build", "Build", "{02EA681E-C7D8-13C7-8484-4AC65E1B71E8}"
EndProject
Project("{2150E333-8FDC-42A3-9474-1A3956D46DE8}") = "Contracts", "Contracts", "{48B519E3-B5CA-4991-9083-B07580265A78}"
EndProject
Project("{2150E333-8FDC-42A3-9474-1A3956D46DE8}") = "Documentation", "Documentation", "{9EB14FF7-E272-4AA0-8ED0-99033DD1DB2F}"
EndProject
Project("{2150E333-8FDC-42A3-9474-1A3956D46DE8}") = "Source", "Source", "{E7C746B5-4C87-4AB5-B127-AAA0D63F1545}"
EndProject
Project("{2150E333-8FDC-42A3-9474-1A3956D46DE8}") = "Tests", "Tests", "{3811D32A-3AB3-4B15-BED2-97391D60891B}"
EndProject
Project("{FAE04EC0-301F-11D3-BF4B-00C04F79EFBC}") = "Retail.Customers.ServiceTests", "Retail.Customers.ServiceTests\Retail.Customers.ServiceTests.csproj", "{BC3C4E47-18AE-472F-82E4-0CF19EEC7C7B}"
EndProject
Project("{FAE04EC0-301F-11D3-BF4B-00C04F79EFBC}") = "Retail.Customers.UnitTests", "Retail.Customers.ComponentTests\Retail.Customers.UnitTests.csproj", "{0FEEA821-77C1-4AC5-9FD0-AFBABF6506A2}"
EndProject
Project("{FAE04EC0-301F-11D3-BF4B-00C04F79EFBC}") = "Retail.Orders.Read.ComponentTests", "Retail.Orders.Read.ComponentTests\Retail.Orders.Read.UnitTests.csproj", "{C32D0525-91B2-4952-B5BC-97106B93C49B}"
EndProject
Project("{FAE04EC0-301F-11D3-BF4B-00C04F79EFBC}") = "Retail.Orders.Read.ServiceTests", "Retail.Orders.Read.ServiceTests\Retail.Orders.Read.ServiceTests.csproj", "{0082E373-61AB-4674-A671-C6DC9C0316FA}"
EndProject
Project("{FAE04EC0-301F-11D3-BF4B-00C04F79EFBC}") = "Retail.Orders.Write.UnitTests", "Retail.Orders.Write.ComponentTests\Retail.Orders.Write.UnitTests.csproj", "{A4666307-F7E2-49D9-9035-56C9D2B26528}"
EndProject
Project("{FAE04EC0-301F-11D3-BF4B-00C04F79EFBC}") = "Retail.Orders.Write.ServiceTests", "Retail.Orders.Write.ServiceTests\Retail.Orders.Write.ServiceTests.csproj", "{8A916366-6D68-443A-B975-D8FE99F83AF3}"
EndProject
Project("{FAE04EC0-301F-11D3-BF4B-00C04F79EFBC}") = "Retail.Products.UnitTests", "Retail.Products.ComponentTests\Retail.Products.UnitTests.csproj", "{1FB8DE19-3942-49EC-B261-8B5A994749AC}"
EndProject
Project("{FAE04EC0-301F-11D3-BF4B-00C04F79EFBC}") = "Retail.Products.ServiceTests", "Retail.Products.ServiceTests\Retail.Products.ServiceTests.csproj", "{0F382480-234C-4371-9D77-791B1153B79E}"
EndProject
Global
	GlobalSection(SolutionConfigurationPlatforms) = preSolution
		Debug|Any CPU = Debug|Any CPU
		Release|Any CPU = Release|Any CPU
	EndGlobalSection
	GlobalSection(ProjectConfigurationPlatforms) = postSolution
		{6BD69F5E-467D-4A67-8112-A6AD22E798D9}.Debug|Any CPU.ActiveCfg = Debug|Any CPU
		{6BD69F5E-467D-4A67-8112-A6AD22E798D9}.Debug|Any CPU.Build.0 = Debug|Any CPU
		{6BD69F5E-467D-4A67-8112-A6AD22E798D9}.Release|Any CPU.ActiveCfg = Release|Any CPU
		{6BD69F5E-467D-4A67-8112-A6AD22E798D9}.Release|Any CPU.Build.0 = Release|Any CPU
		{A4DD1512-F91E-4A2B-B45F-FF55004B7171}.Debug|Any CPU.ActiveCfg = Debug|Any CPU
		{A4DD1512-F91E-4A2B-B45F-FF55004B7171}.Debug|Any CPU.Build.0 = Debug|Any CPU
		{A4DD1512-F91E-4A2B-B45F-FF55004B7171}.Release|Any CPU.ActiveCfg = Release|Any CPU
		{A4DD1512-F91E-4A2B-B45F-FF55004B7171}.Release|Any CPU.Build.0 = Release|Any CPU
		{5A478A1C-1500-42CE-94E4-C14CE4B939F0}.Debug|Any CPU.ActiveCfg = Debug|Any CPU
		{5A478A1C-1500-42CE-94E4-C14CE4B939F0}.Debug|Any CPU.Build.0 = Debug|Any CPU
		{5A478A1C-1500-42CE-94E4-C14CE4B939F0}.Release|Any CPU.ActiveCfg = Release|Any CPU
		{5A478A1C-1500-42CE-94E4-C14CE4B939F0}.Release|Any CPU.Build.0 = Release|Any CPU
		{6A428DBC-47A5-4277-8F22-2E065594DF3A}.Debug|Any CPU.ActiveCfg = Debug|Any CPU
		{6A428DBC-47A5-4277-8F22-2E065594DF3A}.Debug|Any CPU.Build.0 = Debug|Any CPU
		{6A428DBC-47A5-4277-8F22-2E065594DF3A}.Release|Any CPU.ActiveCfg = Release|Any CPU
		{6A428DBC-47A5-4277-8F22-2E065594DF3A}.Release|Any CPU.Build.0 = Release|Any CPU
		{A412C780-67E8-4458-83E9-A6C895FC37B9}.Debug|Any CPU.ActiveCfg = Debug|Any CPU
		{A412C780-67E8-4458-83E9-A6C895FC37B9}.Debug|Any CPU.Build.0 = Debug|Any CPU
		{A412C780-67E8-4458-83E9-A6C895FC37B9}.Release|Any CPU.ActiveCfg = Release|Any CPU
		{A412C780-67E8-4458-83E9-A6C895FC37B9}.Release|Any CPU.Build.0 = Release|Any CPU
		{14CCFFF9-EA0F-424E-82B1-2471407BFB07}.Debug|Any CPU.ActiveCfg = Debug|Any CPU
		{14CCFFF9-EA0F-424E-82B1-2471407BFB07}.Debug|Any CPU.Build.0 = Debug|Any CPU
		{14CCFFF9-EA0F-424E-82B1-2471407BFB07}.Release|Any CPU.ActiveCfg = Release|Any CPU
		{14CCFFF9-EA0F-424E-82B1-2471407BFB07}.Release|Any CPU.Build.0 = Release|Any CPU
		{694851B7-868F-4C20-B601-CA100102E8A3}.Debug|Any CPU.ActiveCfg = Debug|Any CPU
		{694851B7-868F-4C20-B601-CA100102E8A3}.Debug|Any CPU.Build.0 = Debug|Any CPU
		{694851B7-868F-4C20-B601-CA100102E8A3}.Release|Any CPU.ActiveCfg = Release|Any CPU
		{694851B7-868F-4C20-B601-CA100102E8A3}.Release|Any CPU.Build.0 = Release|Any CPU
		{BC3C4E47-18AE-472F-82E4-0CF19EEC7C7B}.Debug|Any CPU.ActiveCfg = Debug|Any CPU
		{BC3C4E47-18AE-472F-82E4-0CF19EEC7C7B}.Debug|Any CPU.Build.0 = Debug|Any CPU
		{BC3C4E47-18AE-472F-82E4-0CF19EEC7C7B}.Release|Any CPU.ActiveCfg = Release|Any CPU
		{BC3C4E47-18AE-472F-82E4-0CF19EEC7C7B}.Release|Any CPU.Build.0 = Release|Any CPU
		{0FEEA821-77C1-4AC5-9FD0-AFBABF6506A2}.Debug|Any CPU.ActiveCfg = Debug|Any CPU
		{0FEEA821-77C1-4AC5-9FD0-AFBABF6506A2}.Debug|Any CPU.Build.0 = Debug|Any CPU
		{0FEEA821-77C1-4AC5-9FD0-AFBABF6506A2}.Release|Any CPU.ActiveCfg = Release|Any CPU
		{0FEEA821-77C1-4AC5-9FD0-AFBABF6506A2}.Release|Any CPU.Build.0 = Release|Any CPU
		{C32D0525-91B2-4952-B5BC-97106B93C49B}.Debug|Any CPU.ActiveCfg = Debug|Any CPU
		{C32D0525-91B2-4952-B5BC-97106B93C49B}.Debug|Any CPU.Build.0 = Debug|Any CPU
		{C32D0525-91B2-4952-B5BC-97106B93C49B}.Release|Any CPU.ActiveCfg = Release|Any CPU
		{C32D0525-91B2-4952-B5BC-97106B93C49B}.Release|Any CPU.Build.0 = Release|Any CPU
		{0082E373-61AB-4674-A671-C6DC9C0316FA}.Debug|Any CPU.ActiveCfg = Debug|Any CPU
		{0082E373-61AB-4674-A671-C6DC9C0316FA}.Debug|Any CPU.Build.0 = Debug|Any CPU
		{0082E373-61AB-4674-A671-C6DC9C0316FA}.Release|Any CPU.ActiveCfg = Release|Any CPU
		{0082E373-61AB-4674-A671-C6DC9C0316FA}.Release|Any CPU.Build.0 = Release|Any CPU
		{A4666307-F7E2-49D9-9035-56C9D2B26528}.Debug|Any CPU.ActiveCfg = Debug|Any CPU
		{A4666307-F7E2-49D9-9035-56C9D2B26528}.Debug|Any CPU.Build.0 = Debug|Any CPU
		{A4666307-F7E2-49D9-9035-56C9D2B26528}.Release|Any CPU.ActiveCfg = Release|Any CPU
		{A4666307-F7E2-49D9-9035-56C9D2B26528}.Release|Any CPU.Build.0 = Release|Any CPU
		{8A916366-6D68-443A-B975-D8FE99F83AF3}.Debug|Any CPU.ActiveCfg = Debug|Any CPU
		{8A916366-6D68-443A-B975-D8FE99F83AF3}.Debug|Any CPU.Build.0 = Debug|Any CPU
		{8A916366-6D68-443A-B975-D8FE99F83AF3}.Release|Any CPU.ActiveCfg = Release|Any CPU
		{8A916366-6D68-443A-B975-D8FE99F83AF3}.Release|Any CPU.Build.0 = Release|Any CPU
		{1FB8DE19-3942-49EC-B261-8B5A994749AC}.Debug|Any CPU.ActiveCfg = Debug|Any CPU
		{1FB8DE19-3942-49EC-B261-8B5A994749AC}.Debug|Any CPU.Build.0 = Debug|Any CPU
		{1FB8DE19-3942-49EC-B261-8B5A994749AC}.Release|Any CPU.ActiveCfg = Release|Any CPU
		{1FB8DE19-3942-49EC-B261-8B5A994749AC}.Release|Any CPU.Build.0 = Release|Any CPU
		{0F382480-234C-4371-9D77-791B1153B79E}.Debug|Any CPU.ActiveCfg = Debug|Any CPU
		{0F382480-234C-4371-9D77-791B1153B79E}.Debug|Any CPU.Build.0 = Debug|Any CPU
		{0F382480-234C-4371-9D77-791B1153B79E}.Release|Any CPU.ActiveCfg = Release|Any CPU
		{0F382480-234C-4371-9D77-791B1153B79E}.Release|Any CPU.Build.0 = Release|Any CPU
	EndGlobalSection
	GlobalSection(SolutionProperties) = preSolution
		HideSolutionNode = FALSE
	EndGlobalSection
	GlobalSection(NestedProjects) = preSolution
		{6BD69F5E-467D-4A67-8112-A6AD22E798D9} = {E7C746B5-4C87-4AB5-B127-AAA0D63F1545}
		{A4DD1512-F91E-4A2B-B45F-FF55004B7171} = {E7C746B5-4C87-4AB5-B127-AAA0D63F1545}
		{5A478A1C-1500-42CE-94E4-C14CE4B939F0} = {E7C746B5-4C87-4AB5-B127-AAA0D63F1545}
		{6A428DBC-47A5-4277-8F22-2E065594DF3A} = {E7C746B5-4C87-4AB5-B127-AAA0D63F1545}
		{A412C780-67E8-4458-83E9-A6C895FC37B9} = {E7C746B5-4C87-4AB5-B127-AAA0D63F1545}
		{14CCFFF9-EA0F-424E-82B1-2471407BFB07} = {E7C746B5-4C87-4AB5-B127-AAA0D63F1545}
		{694851B7-868F-4C20-B601-CA100102E8A3} = {E7C746B5-4C87-4AB5-B127-AAA0D63F1545}
		{BC3C4E47-18AE-472F-82E4-0CF19EEC7C7B} = {3811D32A-3AB3-4B15-BED2-97391D60891B}
		{0FEEA821-77C1-4AC5-9FD0-AFBABF6506A2} = {3811D32A-3AB3-4B15-BED2-97391D60891B}
		{C32D0525-91B2-4952-B5BC-97106B93C49B} = {3811D32A-3AB3-4B15-BED2-97391D60891B}
		{0082E373-61AB-4674-A671-C6DC9C0316FA} = {3811D32A-3AB3-4B15-BED2-97391D60891B}
		{A4666307-F7E2-49D9-9035-56C9D2B26528} = {3811D32A-3AB3-4B15-BED2-97391D60891B}
		{8A916366-6D68-443A-B975-D8FE99F83AF3} = {3811D32A-3AB3-4B15-BED2-97391D60891B}
		{1FB8DE19-3942-49EC-B261-8B5A994749AC} = {3811D32A-3AB3-4B15-BED2-97391D60891B}
		{0F382480-234C-4371-9D77-791B1153B79E} = {3811D32A-3AB3-4B15-BED2-97391D60891B}
	EndGlobalSection
	GlobalSection(ExtensibilityGlobals) = postSolution
		SolutionGuid = {BBDC3B65-10EC-4A10-B062-B4B97CE74CBC}
	EndGlobalSection
EndGlobal
